
Microsoft Visual Studio Solution File, Format Version 12.00
# Visual Studio 15
VisualStudioVersion = 15.0.27703.2026
MinimumVisualStudioVersion = 10.0.40219.1
Project("{FAE04EC0-301F-11D3-BF4B-00C04F79EFBC}") = "MiniprojektiViikko4", "MiniprojektiViikko4\MiniprojektiViikko4.csproj", "{A3403DD2-9AF8-40DF-B24B-3F6A3F97D41F}"
EndProject
Global
	GlobalSection(SolutionConfigurationPlatforms) = preSolution
		Debug|Any CPU = Debug|Any CPU
		Release|Any CPU = Release|Any CPU
	EndGlobalSection
	GlobalSection(ProjectConfigurationPlatforms) = postSolution
		{A3403DD2-9AF8-40DF-B24B-3F6A3F97D41F}.Debug|Any CPU.ActiveCfg = Debug|Any CPU
		{A3403DD2-9AF8-40DF-B24B-3F6A3F97D41F}.Debug|Any CPU.Build.0 = Debug|Any CPU
		{A3403DD2-9AF8-40DF-B24B-3F6A3F97D41F}.Release|Any CPU.ActiveCfg = Release|Any CPU
		{A3403DD2-9AF8-40DF-B24B-3F6A3F97D41F}.Release|Any CPU.Build.0 = Release|Any CPU
	EndGlobalSection
	GlobalSection(SolutionProperties) = preSolution
		HideSolutionNode = FALSE
	EndGlobalSection
	GlobalSection(ExtensibilityGlobals) = postSolution
		SolutionGuid = {E96DF41B-4104-4326-8F31-61B594899AB7}
	EndGlobalSection
EndGlobal
